{
  "version": 4,
  "terraform_version": "1.2.5",
  "serial": 1974,
  "lineage": "30380b3b-b3ec-87ca-2762-7a047e6d309a",
  "outputs": {
    "ad_instance_private": {
      "value": [
        [
          "10.1.1.13"
        ]
      ],
      "type": [
        "tuple",
        [
          [
            "tuple",
            [
              "string"
            ]
          ]
        ]
      ]
    },
    "ad_instance_public_3306": {
      "value": [
        [
          "34.229.80.135"
        ]
      ],
      "type": [
        "tuple",
        [
          [
            "tuple",
            [
              "string"
            ]
          ]
        ]
      ]
    },
    "directory_service_id": {
      "value": "d-90678859f5",
      "type": "string"
    },
    "elk_private": {
      "value": [
        [
          "10.1.1.225"
        ]
      ],
      "type": [
        "tuple",
        [
          [
            "tuple",
            [
              "string"
            ]
          ]
        ]
      ]
    },
    "elk_public_9200_5601": {
      "value": [
        [
          "3.85.213.112"
        ]
      ],
      "type": [
        "tuple",
        [
          [
            "tuple",
            [
              "string"
            ]
          ]
        ]
      ]
    },
    "grafana_private": {
      "value": [
        [
          "10.1.1.131"
        ]
      ],
      "type": [
        "tuple",
        [
          [
            "tuple",
            [
              "string"
            ]
          ]
        ]
      ]
    },
    "grafana_public_3000": {
      "value": [
        [
          "54.196.222.58"
        ]
      ],
      "type": [
        "tuple",
        [
          [
            "tuple",
            [
              "string"
            ]
          ]
        ]
      ]
    },
    "intermediate_ca_instance_private": {
      "value": [
        [
          "10.1.1.185"
        ]
      ],
      "type": [
        "tuple",
        [
          [
            "tuple",
            [
              "string"
            ]
          ]
        ]
      ]
    },
    "intermediate_ca_instance_public_3306": {
      "value": [
        [
          "3.87.64.234"
        ]
      ],
      "type": [
        "tuple",
        [
          [
            "tuple",
            [
              "string"
            ]
          ]
        ]
      ]
    },
    "jenkins_private": {
      "value": [
        [
          "10.1.1.247"
        ]
      ],
      "type": [
        "tuple",
        [
          [
            "tuple",
            [
              "string"
            ]
          ]
        ]
      ]
    },
    "jenkins_public_8080": {
      "value": [
        [
          "107.20.72.22"
        ]
      ],
      "type": [
        "tuple",
        [
          [
            "tuple",
            [
              "string"
            ]
          ]
        ]
      ]
    },
    "ms_windows_ad_private": {
      "value": [
        [
          "10.1.1.94"
        ]
      ],
      "type": [
        "tuple",
        [
          [
            "tuple",
            [
              "string"
            ]
          ]
        ]
      ]
    },
    "ms_windows_ad_public_3306": {
      "value": [
        [
          "67.202.54.26"
        ]
      ],
      "type": [
        "tuple",
        [
          [
            "tuple",
            [
              "string"
            ]
          ]
        ]
      ]
    },
    "prometheus_private": {
      "value": [
        [
          "10.1.1.170"
        ]
      ],
      "type": [
        "tuple",
        [
          [
            "tuple",
            [
              "string"
            ]
          ]
        ]
      ]
    },
    "prometheus_public_9090": {
      "value": [
        [
          "184.72.83.166"
        ]
      ],
      "type": [
        "tuple",
        [
          [
            "tuple",
            [
              "string"
            ]
          ]
        ]
      ]
    },
    "root_ca_instance_private": {
      "value": [
        [
          "10.1.4.230"
        ]
      ],
      "type": [
        "tuple",
        [
          [
            "tuple",
            [
              "string"
            ]
          ]
        ]
      ]
    },
    "root_ca_instance_public_3306": {
      "value": [
        [
          "54.87.0.245"
        ]
      ],
      "type": [
        "tuple",
        [
          [
            "tuple",
            [
              "string"
            ]
          ]
        ]
      ]
    },
    "sonarqube_private": {
      "value": [
        [
          "10.1.1.85"
        ]
      ],
      "type": [
        "tuple",
        [
          [
            "tuple",
            [
              "string"
            ]
          ]
        ]
      ]
    },
    "sonarqube_public_9000": {
      "value": [
        [
          "54.82.75.192"
        ]
      ],
      "type": [
        "tuple",
        [
          [
            "tuple",
            [
              "string"
            ]
          ]
        ]
      ]
    },
    "win_clinet_instance_private": {
      "value": [
        [
          "10.1.1.29"
        ]
      ],
      "type": [
        "tuple",
        [
          [
            "tuple",
            [
              "string"
            ]
          ]
        ]
      ]
    },
    "win_clinet_instance_public_3306": {
      "value": [
        [
          "3.83.189.64"
        ]
      ],
      "type": [
        "tuple",
        [
          [
            "tuple",
            [
              "string"
            ]
          ]
        ]
      ]
    }
  },
  "resources": [
    {
      "module": "module.aws_MAD",
      "mode": "managed",
      "type": "aws_directory_service_directory",
      "name": "awsMAD",
      "provider": "provider[\"registry.terraform.io/hashicorp/aws\"]",
      "instances": [
        {
          "schema_version": 0,
          "attributes": {
            "access_url": "d-90678859f5.awsapps.com",
            "alias": "d-90678859f5",
            "connect_settings": [],
            "description": "",
            "desired_number_of_domain_controllers": 2,
            "dns_ip_addresses": [
              "10.1.1.43",
              "10.1.2.122"
            ],
            "edition": "Standard",
            "enable_sso": false,
            "id": "d-90678859f5",
            "name": "hbgseries.in",
            "password": "hari@1995G",
            "security_group_id": "sg-07147fe7b6a5b24c8",
            "short_name": "hbgseries",
            "size": "Small",
            "tags": null,
            "tags_all": {},
            "timeouts": null,
            "type": "MicrosoftAD",
            "vpc_settings": [
              {
                "availability_zones": [
                  "us-east-1a",
                  "us-east-1b"
                ],
                "subnet_ids": [
                  "subnet-01b023d28cd6dfc01",
                  "subnet-06dd02617326b6561"
                ],
                "vpc_id": "vpc-0121712b84695f08e"
              }
            ]
          },
          "sensitive_attributes": [],
          "private": "eyJlMmJmYjczMC1lY2FhLTExZTYtOGY4OC0zNDM2M2JjN2M0YzAiOnsiY3JlYXRlIjozNjAwMDAwMDAwMDAwLCJkZWxldGUiOjM2MDAwMDAwMDAwMDAsInVwZGF0ZSI6MzYwMDAwMDAwMDAwMH19",
          "dependencies": [
            "module.win_network.aws_subnet.pub_subnet_1",
            "module.win_network.aws_subnet.pub_subnet_2",
            "module.win_network.aws_vpc.hub_vpc"
          ]
        }
      ]
    },
    {
      "module": "module.nat",
      "mode": "managed",
      "type": "aws_eip",
      "name": "nat_eip",
      "provider": "provider[\"registry.terraform.io/hashicorp/aws\"]",
      "instances": [
        {
          "schema_version": 0,
          "attributes": {
            "address": null,
            "allocation_id": "eipalloc-00957690e1ae43496",
            "associate_with_private_ip": null,
            "association_id": "",
            "carrier_ip": "",
            "customer_owned_ip": "",
            "customer_owned_ipv4_pool": "",
            "domain": "vpc",
            "id": "eipalloc-00957690e1ae43496",
            "instance": "",
            "network_border_group": "us-east-1",
            "network_interface": "",
            "private_dns": null,
            "private_ip": "",
            "public_dns": "ec2-35-170-7-205.compute-1.amazonaws.com",
            "public_ip": "35.170.7.205",
            "public_ipv4_pool": "amazon",
            "tags": null,
            "tags_all": {},
            "timeouts": null,
            "vpc": true
          },
          "sensitive_attributes": [],
          "private": "eyJlMmJmYjczMC1lY2FhLTExZTYtOGY4OC0zNDM2M2JjN2M0YzAiOnsiZGVsZXRlIjoxODAwMDAwMDAwMDAsInJlYWQiOjkwMDAwMDAwMDAwMCwidXBkYXRlIjozMDAwMDAwMDAwMDB9fQ=="
        }
      ]
    },
    {
      "module": "module.nat",
      "mode": "managed",
      "type": "aws_nat_gateway",
      "name": "nat_gateway",
      "provider": "provider[\"registry.terraform.io/hashicorp/aws\"]",
      "instances": [
        {
          "schema_version": 0,
          "attributes": {
            "allocation_id": "eipalloc-00957690e1ae43496",
            "association_id": "eipassoc-09729b283cc0151d0",
            "connectivity_type": "public",
            "id": "nat-006986911e9b309c1",
            "network_interface_id": "eni-0841900cd3df2826f",
            "private_ip": "10.1.1.44",
            "public_ip": "35.170.7.205",
            "subnet_id": "subnet-01b023d28cd6dfc01",
            "tags": null,
            "tags_all": {}
          },
          "sensitive_attributes": [],
          "private": "bnVsbA==",
          "dependencies": [
            "module.nat.aws_eip.nat_eip",
            "module.win_network.aws_subnet.pub_subnet_1",
            "module.win_network.aws_vpc.hub_vpc"
          ]
        }
      ]
    },
    {
      "module": "module.nat",
      "mode": "managed",
      "type": "aws_route_table",
      "name": "private_route_table",
      "provider": "provider[\"registry.terraform.io/hashicorp/aws\"]",
      "instances": [
        {
          "schema_version": 0,
          "attributes": {
            "arn": "arn:aws:ec2:us-east-1:275560321332:route-table/rtb-01629d25ed24e4c0f",
            "id": "rtb-01629d25ed24e4c0f",
            "owner_id": "275560321332",
            "propagating_vgws": [],
            "route": [
              {
                "carrier_gateway_id": "",
                "cidr_block": "0.0.0.0/0",
                "core_network_arn": "",
                "destination_prefix_list_id": "",
                "egress_only_gateway_id": "",
                "gateway_id": "",
                "ipv6_cidr_block": "",
                "local_gateway_id": "",
                "nat_gateway_id": "nat-006986911e9b309c1",
                "network_interface_id": "",
                "transit_gateway_id": "",
                "vpc_endpoint_id": "",
                "vpc_peering_connection_id": ""
              }
            ],
            "tags": {
              "Name": "1_win_pvt-route-table"
            },
            "tags_all": {
              "Name": "1_win_pvt-route-table"
            },
            "timeouts": null,
            "vpc_id": "vpc-0121712b84695f08e"
          },
          "sensitive_attributes": [],
          "private": "eyJlMmJmYjczMC1lY2FhLTExZTYtOGY4OC0zNDM2M2JjN2M0YzAiOnsiY3JlYXRlIjozMDAwMDAwMDAwMDAsImRlbGV0ZSI6MzAwMDAwMDAwMDAwLCJ1cGRhdGUiOjEyMDAwMDAwMDAwMH19",
          "dependencies": [
            "module.nat.aws_eip.nat_eip",
            "module.nat.aws_nat_gateway.nat_gateway",
            "module.win_network.aws_subnet.pub_subnet_1",
            "module.win_network.aws_vpc.hub_vpc"
          ]
        }
      ]
    },
    {
      "module": "module.nat",
      "mode": "managed",
      "type": "aws_route_table_association",
      "name": "private_subnet_association",
      "provider": "provider[\"registry.terraform.io/hashicorp/aws\"]",
      "instances": [
        {
          "schema_version": 0,
          "attributes": {
            "gateway_id": "",
            "id": "rtbassoc-0365a61f358653e9d",
            "route_table_id": "rtb-01629d25ed24e4c0f",
            "subnet_id": "subnet-05b27a6080f666c77",
            "timeouts": null
          },
          "sensitive_attributes": [],
          "private": "eyJlMmJmYjczMC1lY2FhLTExZTYtOGY4OC0zNDM2M2JjN2M0YzAiOnsiY3JlYXRlIjozMDAwMDAwMDAwMDAsImRlbGV0ZSI6MzAwMDAwMDAwMDAwLCJ1cGRhdGUiOjEyMDAwMDAwMDAwMH19",
          "dependencies": [
            "module.nat.aws_eip.nat_eip",
            "module.nat.aws_nat_gateway.nat_gateway",
            "module.nat.aws_route_table.private_route_table",
            "module.nat.aws_subnet.pvt_subnet",
            "module.win_network.aws_subnet.pub_subnet_1",
            "module.win_network.aws_vpc.hub_vpc"
          ]
        }
      ]
    },
    {
      "module": "module.nat",
      "mode": "managed",
      "type": "aws_route_table_association",
      "name": "private_subnet_association_1",
      "provider": "provider[\"registry.terraform.io/hashicorp/aws\"]",
      "instances": [
        {
          "schema_version": 0,
          "attributes": {
            "gateway_id": "",
            "id": "rtbassoc-0ee6ce4f561e0ecf3",
            "route_table_id": "rtb-01629d25ed24e4c0f",
            "subnet_id": "subnet-099b1f077064ecd9c",
            "timeouts": null
          },
          "sensitive_attributes": [],
          "private": "eyJlMmJmYjczMC1lY2FhLTExZTYtOGY4OC0zNDM2M2JjN2M0YzAiOnsiY3JlYXRlIjozMDAwMDAwMDAwMDAsImRlbGV0ZSI6MzAwMDAwMDAwMDAwLCJ1cGRhdGUiOjEyMDAwMDAwMDAwMH19",
          "dependencies": [
            "module.nat.aws_eip.nat_eip",
            "module.nat.aws_nat_gateway.nat_gateway",
            "module.nat.aws_route_table.private_route_table",
            "module.nat.aws_subnet.pvt_subnet_1",
            "module.win_network.aws_subnet.pub_subnet_1",
            "module.win_network.aws_vpc.hub_vpc"
          ]
        }
      ]
    },
    {
      "module": "module.nat",
      "mode": "managed",
      "type": "aws_subnet",
      "name": "pvt_subnet",
      "provider": "provider[\"registry.terraform.io/hashicorp/aws\"]",
      "instances": [
        {
          "schema_version": 1,
          "attributes": {
            "arn": "arn:aws:ec2:us-east-1:275560321332:subnet/subnet-05b27a6080f666c77",
            "assign_ipv6_address_on_creation": false,
            "availability_zone": "us-east-1b",
            "availability_zone_id": "use1-az6",
            "cidr_block": "10.1.3.0/24",
            "customer_owned_ipv4_pool": "",
            "enable_dns64": false,
            "enable_lni_at_device_index": 0,
            "enable_resource_name_dns_a_record_on_launch": false,
            "enable_resource_name_dns_aaaa_record_on_launch": false,
            "id": "subnet-05b27a6080f666c77",
            "ipv6_cidr_block": "",
            "ipv6_cidr_block_association_id": "",
            "ipv6_native": false,
            "map_customer_owned_ip_on_launch": false,
            "map_public_ip_on_launch": false,
            "outpost_arn": "",
            "owner_id": "275560321332",
            "private_dns_hostname_type_on_launch": "ip-name",
            "tags": {
              "Name": "1_win_pvt_sub"
            },
            "tags_all": {
              "Name": "1_win_pvt_sub"
            },
            "timeouts": null,
            "vpc_id": "vpc-0121712b84695f08e"
          },
          "sensitive_attributes": [],
          "private": "eyJlMmJmYjczMC1lY2FhLTExZTYtOGY4OC0zNDM2M2JjN2M0YzAiOnsiY3JlYXRlIjo2MDAwMDAwMDAwMDAsImRlbGV0ZSI6MTIwMDAwMDAwMDAwMH0sInNjaGVtYV92ZXJzaW9uIjoiMSJ9",
          "dependencies": [
            "module.win_network.aws_vpc.hub_vpc"
          ]
        }
      ]
    },
    {
      "module": "module.nat",
      "mode": "managed",
      "type": "aws_subnet",
      "name": "pvt_subnet_1",
      "provider": "provider[\"registry.terraform.io/hashicorp/aws\"]",
      "instances": [
        {
          "schema_version": 1,
          "attributes": {
            "arn": "arn:aws:ec2:us-east-1:275560321332:subnet/subnet-099b1f077064ecd9c",
            "assign_ipv6_address_on_creation": false,
            "availability_zone": "us-east-1a",
            "availability_zone_id": "use1-az4",
            "cidr_block": "10.1.4.0/24",
            "customer_owned_ipv4_pool": "",
            "enable_dns64": false,
            "enable_lni_at_device_index": 0,
            "enable_resource_name_dns_a_record_on_launch": false,
            "enable_resource_name_dns_aaaa_record_on_launch": false,
            "id": "subnet-099b1f077064ecd9c",
            "ipv6_cidr_block": "",
            "ipv6_cidr_block_association_id": "",
            "ipv6_native": false,
            "map_customer_owned_ip_on_launch": false,
            "map_public_ip_on_launch": false,
            "outpost_arn": "",
            "owner_id": "275560321332",
            "private_dns_hostname_type_on_launch": "ip-name",
            "tags": {
              "Name": "1_win_pvt_sub_1"
            },
            "tags_all": {
              "Name": "1_win_pvt_sub_1"
            },
            "timeouts": null,
            "vpc_id": "vpc-0121712b84695f08e"
          },
          "sensitive_attributes": [],
          "private": "eyJlMmJmYjczMC1lY2FhLTExZTYtOGY4OC0zNDM2M2JjN2M0YzAiOnsiY3JlYXRlIjo2MDAwMDAwMDAwMDAsImRlbGV0ZSI6MTIwMDAwMDAwMDAwMH0sInNjaGVtYV92ZXJzaW9uIjoiMSJ9",
          "dependencies": [
            "module.win_network.aws_vpc.hub_vpc"
          ]
        }
      ]
    },
    {
      "module": "module.sg",
      "mode": "managed",
      "type": "aws_security_group",
      "name": "allow_all",
      "provider": "provider[\"registry.terraform.io/hashicorp/aws\"]",
      "instances": [
        {
          "schema_version": 1,
          "attributes": {
            "arn": "arn:aws:ec2:us-east-1:275560321332:security-group/sg-0bccd74021e55810f",
            "description": "Allow all inbound traffic",
            "egress": [
              {
                "cidr_blocks": [
                  "0.0.0.0/0"
                ],
                "description": "",
                "from_port": 0,
                "ipv6_cidr_blocks": [],
                "prefix_list_ids": [],
                "protocol": "-1",
                "security_groups": [],
                "self": false,
                "to_port": 0
              }
            ],
            "id": "sg-0bccd74021e55810f",
            "ingress": [
              {
                "cidr_blocks": [
                  "0.0.0.0/0"
                ],
                "description": "",
                "from_port": 0,
                "ipv6_cidr_blocks": [],
                "prefix_list_ids": [],
                "protocol": "-1",
                "security_groups": [],
                "self": false,
                "to_port": 0
              }
            ],
            "name": "allow_all",
            "name_prefix": "",
            "owner_id": "275560321332",
            "revoke_rules_on_delete": false,
            "tags": null,
            "tags_all": {},
            "timeouts": null,
            "vpc_id": "vpc-0121712b84695f08e"
          },
          "sensitive_attributes": [],
          "private": "eyJlMmJmYjczMC1lY2FhLTExZTYtOGY4OC0zNDM2M2JjN2M0YzAiOnsiY3JlYXRlIjo2MDAwMDAwMDAwMDAsImRlbGV0ZSI6OTAwMDAwMDAwMDAwfSwic2NoZW1hX3ZlcnNpb24iOiIxIn0=",
          "dependencies": [
            "module.win_network.aws_vpc.hub_vpc"
          ]
        }
      ]
    },
    {
      "module": "module.win_network",
      "mode": "managed",
      "type": "aws_internet_gateway",
      "name": "hub_vpc",
      "provider": "provider[\"registry.terraform.io/hashicorp/aws\"]",
      "instances": [
        {
          "schema_version": 0,
          "attributes": {
            "arn": "arn:aws:ec2:us-east-1:275560321332:internet-gateway/igw-0e08636813f7e335b",
            "id": "igw-0e08636813f7e335b",
            "owner_id": "275560321332",
            "tags": {
              "Name": "1_win"
            },
            "tags_all": {
              "Name": "1_win"
            },
            "timeouts": null,
            "vpc_id": "vpc-0121712b84695f08e"
          },
          "sensitive_attributes": [],
          "private": "eyJlMmJmYjczMC1lY2FhLTExZTYtOGY4OC0zNDM2M2JjN2M0YzAiOnsiY3JlYXRlIjoxMjAwMDAwMDAwMDAwLCJkZWxldGUiOjEyMDAwMDAwMDAwMDAsInVwZGF0ZSI6MTIwMDAwMDAwMDAwMH19",
          "dependencies": [
            "module.win_network.aws_vpc.hub_vpc"
          ]
        }
      ]
    },
    {
      "module": "module.win_network",
      "mode": "managed",
      "type": "aws_route_table",
      "name": "public",
      "provider": "provider[\"registry.terraform.io/hashicorp/aws\"]",
      "instances": [
        {
          "schema_version": 0,
          "attributes": {
            "arn": "arn:aws:ec2:us-east-1:275560321332:route-table/rtb-081f7b14d13725308",
            "id": "rtb-081f7b14d13725308",
            "owner_id": "275560321332",
            "propagating_vgws": [],
            "route": [
              {
                "carrier_gateway_id": "",
                "cidr_block": "0.0.0.0/0",
                "core_network_arn": "",
                "destination_prefix_list_id": "",
                "egress_only_gateway_id": "",
                "gateway_id": "igw-0e08636813f7e335b",
                "ipv6_cidr_block": "",
                "local_gateway_id": "",
                "nat_gateway_id": "",
                "network_interface_id": "",
                "transit_gateway_id": "",
                "vpc_endpoint_id": "",
                "vpc_peering_connection_id": ""
              }
            ],
            "tags": {
              "Name": "1_win"
            },
            "tags_all": {
              "Name": "1_win"
            },
            "timeouts": null,
            "vpc_id": "vpc-0121712b84695f08e"
          },
          "sensitive_attributes": [],
          "private": "eyJlMmJmYjczMC1lY2FhLTExZTYtOGY4OC0zNDM2M2JjN2M0YzAiOnsiY3JlYXRlIjozMDAwMDAwMDAwMDAsImRlbGV0ZSI6MzAwMDAwMDAwMDAwLCJ1cGRhdGUiOjEyMDAwMDAwMDAwMH19",
          "dependencies": [
            "module.win_network.aws_internet_gateway.hub_vpc",
            "module.win_network.aws_vpc.hub_vpc"
          ]
        }
      ]
    },
    {
      "module": "module.win_network",
      "mode": "managed",
      "type": "aws_route_table_association",
      "name": "public_1",
      "provider": "provider[\"registry.terraform.io/hashicorp/aws\"]",
      "instances": [
        {
          "schema_version": 0,
          "attributes": {
            "gateway_id": "",
            "id": "rtbassoc-0a6b17fa5498f2ac4",
            "route_table_id": "rtb-081f7b14d13725308",
            "subnet_id": "subnet-01b023d28cd6dfc01",
            "timeouts": null
          },
          "sensitive_attributes": [],
          "private": "eyJlMmJmYjczMC1lY2FhLTExZTYtOGY4OC0zNDM2M2JjN2M0YzAiOnsiY3JlYXRlIjozMDAwMDAwMDAwMDAsImRlbGV0ZSI6MzAwMDAwMDAwMDAwLCJ1cGRhdGUiOjEyMDAwMDAwMDAwMH19",
          "dependencies": [
            "module.win_network.aws_internet_gateway.hub_vpc",
            "module.win_network.aws_route_table.public",
            "module.win_network.aws_subnet.pub_subnet_1",
            "module.win_network.aws_vpc.hub_vpc"
          ]
        }
      ]
    },
    {
      "module": "module.win_network",
      "mode": "managed",
      "type": "aws_route_table_association",
      "name": "public_2",
      "provider": "provider[\"registry.terraform.io/hashicorp/aws\"]",
      "instances": [
        {
          "schema_version": 0,
          "attributes": {
            "gateway_id": "",
            "id": "rtbassoc-06325dfc56802d6aa",
            "route_table_id": "rtb-081f7b14d13725308",
            "subnet_id": "subnet-06dd02617326b6561",
            "timeouts": null
          },
          "sensitive_attributes": [],
          "private": "eyJlMmJmYjczMC1lY2FhLTExZTYtOGY4OC0zNDM2M2JjN2M0YzAiOnsiY3JlYXRlIjozMDAwMDAwMDAwMDAsImRlbGV0ZSI6MzAwMDAwMDAwMDAwLCJ1cGRhdGUiOjEyMDAwMDAwMDAwMH19",
          "dependencies": [
            "module.win_network.aws_internet_gateway.hub_vpc",
            "module.win_network.aws_route_table.public",
            "module.win_network.aws_subnet.pub_subnet_2",
            "module.win_network.aws_vpc.hub_vpc"
          ]
        }
      ]
    },
    {
      "module": "module.win_network",
      "mode": "managed",
      "type": "aws_subnet",
      "name": "pub_subnet_1",
      "provider": "provider[\"registry.terraform.io/hashicorp/aws\"]",
      "instances": [
        {
          "schema_version": 1,
          "attributes": {
            "arn": "arn:aws:ec2:us-east-1:275560321332:subnet/subnet-01b023d28cd6dfc01",
            "assign_ipv6_address_on_creation": false,
            "availability_zone": "us-east-1a",
            "availability_zone_id": "use1-az4",
            "cidr_block": "10.1.1.0/24",
            "customer_owned_ipv4_pool": "",
            "enable_dns64": false,
            "enable_lni_at_device_index": 0,
            "enable_resource_name_dns_a_record_on_launch": false,
            "enable_resource_name_dns_aaaa_record_on_launch": false,
            "id": "subnet-01b023d28cd6dfc01",
            "ipv6_cidr_block": "",
            "ipv6_cidr_block_association_id": "",
            "ipv6_native": false,
            "map_customer_owned_ip_on_launch": false,
            "map_public_ip_on_launch": false,
            "outpost_arn": "",
            "owner_id": "275560321332",
            "private_dns_hostname_type_on_launch": "ip-name",
            "tags": {
              "Name": "1_win_pub_sub_1"
            },
            "tags_all": {
              "Name": "1_win_pub_sub_1"
            },
            "timeouts": null,
            "vpc_id": "vpc-0121712b84695f08e"
          },
          "sensitive_attributes": [],
          "private": "eyJlMmJmYjczMC1lY2FhLTExZTYtOGY4OC0zNDM2M2JjN2M0YzAiOnsiY3JlYXRlIjo2MDAwMDAwMDAwMDAsImRlbGV0ZSI6MTIwMDAwMDAwMDAwMH0sInNjaGVtYV92ZXJzaW9uIjoiMSJ9",
          "dependencies": [
            "module.win_network.aws_vpc.hub_vpc"
          ]
        }
      ]
    },
    {
      "module": "module.win_network",
      "mode": "managed",
      "type": "aws_subnet",
      "name": "pub_subnet_2",
      "provider": "provider[\"registry.terraform.io/hashicorp/aws\"]",
      "instances": [
        {
          "schema_version": 1,
          "attributes": {
            "arn": "arn:aws:ec2:us-east-1:275560321332:subnet/subnet-06dd02617326b6561",
            "assign_ipv6_address_on_creation": false,
            "availability_zone": "us-east-1b",
            "availability_zone_id": "use1-az6",
            "cidr_block": "10.1.2.0/24",
            "customer_owned_ipv4_pool": "",
            "enable_dns64": false,
            "enable_lni_at_device_index": 0,
            "enable_resource_name_dns_a_record_on_launch": false,
            "enable_resource_name_dns_aaaa_record_on_launch": false,
            "id": "subnet-06dd02617326b6561",
            "ipv6_cidr_block": "",
            "ipv6_cidr_block_association_id": "",
            "ipv6_native": false,
            "map_customer_owned_ip_on_launch": false,
            "map_public_ip_on_launch": false,
            "outpost_arn": "",
            "owner_id": "275560321332",
            "private_dns_hostname_type_on_launch": "ip-name",
            "tags": {
              "Name": "1_win_pub_sub_2"
            },
            "tags_all": {
              "Name": "1_win_pub_sub_2"
            },
            "timeouts": null,
            "vpc_id": "vpc-0121712b84695f08e"
          },
          "sensitive_attributes": [],
          "private": "eyJlMmJmYjczMC1lY2FhLTExZTYtOGY4OC0zNDM2M2JjN2M0YzAiOnsiY3JlYXRlIjo2MDAwMDAwMDAwMDAsImRlbGV0ZSI6MTIwMDAwMDAwMDAwMH0sInNjaGVtYV92ZXJzaW9uIjoiMSJ9",
          "dependencies": [
            "module.win_network.aws_vpc.hub_vpc"
          ]
        }
      ]
    },
    {
      "module": "module.win_network",
      "mode": "managed",
      "type": "aws_vpc",
      "name": "hub_vpc",
      "provider": "provider[\"registry.terraform.io/hashicorp/aws\"]",
      "instances": [
        {
          "schema_version": 1,
          "attributes": {
            "arn": "arn:aws:ec2:us-east-1:275560321332:vpc/vpc-0121712b84695f08e",
            "assign_generated_ipv6_cidr_block": false,
            "cidr_block": "10.1.0.0/16",
            "default_network_acl_id": "acl-04fda3b2d3c68a84d",
            "default_route_table_id": "rtb-08466a516f30cdfb9",
            "default_security_group_id": "sg-05a68c3f1b468d5b3",
            "dhcp_options_id": "dopt-0961670f4125ca700",
            "enable_dns_hostnames": true,
            "enable_dns_support": true,
            "enable_network_address_usage_metrics": false,
            "id": "vpc-0121712b84695f08e",
            "instance_tenancy": "default",
            "ipv4_ipam_pool_id": null,
            "ipv4_netmask_length": null,
            "ipv6_association_id": "",
            "ipv6_cidr_block": "",
            "ipv6_cidr_block_network_border_group": "",
            "ipv6_ipam_pool_id": "",
            "ipv6_netmask_length": 0,
            "main_route_table_id": "rtb-08466a516f30cdfb9",
            "owner_id": "275560321332",
            "tags": {
              "Name": "1_win_infra"
            },
            "tags_all": {
              "Name": "1_win_infra"
            }
          },
          "sensitive_attributes": [],
          "private": "eyJzY2hlbWFfdmVyc2lvbiI6IjEifQ=="
        }
      ]
    },
    {
      "module": "module.workspace[0]",
      "mode": "data",
      "type": "aws_workspaces_bundle",
      "name": "value_windows_10",
      "provider": "provider[\"registry.terraform.io/hashicorp/aws\"]",
      "instances": [
        {
          "schema_version": 0,
          "attributes": {
            "bundle_id": "wsb-gk1wpk43z",
            "compute_type": [
              {
                "name": "STANDARD"
              }
            ],
            "description": "Windows 10 Experience powered by Windows Server 2019 with PCoIP 2 vCPU 4GiB Memory 50GB Storage (English)",
            "id": "wsb-gk1wpk43z",
            "name": "Standard with Windows 10 (Server 2019 based)",
            "owner": "Amazon",
            "root_storage": [
              {
                "capacity": "80"
              }
            ],
            "user_storage": [
              {
                "capacity": "50"
              }
            ]
          },
          "sensitive_attributes": []
        }
      ]
    },
    {
      "module": "module.workspace[0]",
      "mode": "managed",
      "type": "aws_iam_role",
      "name": "workspaces_default_role",
      "provider": "provider[\"registry.terraform.io/hashicorp/aws\"]",
      "instances": [
        {
          "schema_version": 0,
          "attributes": {
            "arn": "arn:aws:iam::874234857723:role/workspaces_DefaultRole",
            "assume_role_policy": "{\"Statement\":[{\"Action\":\"sts:AssumeRole\",\"Effect\":\"Allow\",\"Principal\":{\"Service\":\"workspaces.amazonaws.com\"}}],\"Version\":\"2012-10-17\"}",
            "create_date": "2023-09-27T15:04:22Z",
            "description": "",
            "force_detach_policies": false,
            "id": "workspaces_DefaultRole",
            "inline_policy": [],
            "managed_policy_arns": [],
            "max_session_duration": 3600,
            "name": "workspaces_DefaultRole",
            "name_prefix": "",
            "path": "/",
            "permissions_boundary": null,
            "tags": null,
            "tags_all": {},
            "unique_id": "AROA4XDDVJD56POJNZQWP"
          },
          "sensitive_attributes": [],
          "private": "bnVsbA=="
        }
      ]
    }
  ]
}
